
Microsoft Visual Studio Solution File, Format Version 12.00
# Visual Studio Version 16
VisualStudioVersion = 16.0.30413.136
MinimumVisualStudioVersion = 10.0.40219.1
Project("{FAE04EC0-301F-11D3-BF4B-00C04F79EFBC}") = "Netusim", "Netusim\Netusim.csproj", "{A2243E46-C8C9-4A27-B577-58A341685B68}"
EndProject
Project("{FAE04EC0-301F-11D3-BF4B-00C04F79EFBC}") = "AnaN", "AnaN\AnaN.csproj", "{064D2307-DD11-4000-BAE1-7BE3B2990235}"
EndProject
Global
	GlobalSection(SolutionConfigurationPlatforms) = preSolution
		Debug|Any CPU = Debug|Any CPU
		Release|Any CPU = Release|Any CPU
	EndGlobalSection
	GlobalSection(ProjectConfigurationPlatforms) = postSolution
		{A2243E46-C8C9-4A27-B577-58A341685B68}.Debug|Any CPU.ActiveCfg = Debug|Any CPU
		{A2243E46-C8C9-4A27-B577-58A341685B68}.Debug|Any CPU.Build.0 = Debug|Any CPU
		{A2243E46-C8C9-4A27-B577-58A341685B68}.Release|Any CPU.ActiveCfg = Release|Any CPU
		{A2243E46-C8C9-4A27-B577-58A341685B68}.Release|Any CPU.Build.0 = Release|Any CPU
		{064D2307-DD11-4000-BAE1-7BE3B2990235}.Debug|Any CPU.ActiveCfg = Debug|Any CPU
		{064D2307-DD11-4000-BAE1-7BE3B2990235}.Debug|Any CPU.Build.0 = Debug|Any CPU
		{064D2307-DD11-4000-BAE1-7BE3B2990235}.Release|Any CPU.ActiveCfg = Release|Any CPU
		{064D2307-DD11-4000-BAE1-7BE3B2990235}.Release|Any CPU.Build.0 = Release|Any CPU
	EndGlobalSection
	GlobalSection(SolutionProperties) = preSolution
		HideSolutionNode = FALSE
	EndGlobalSection
	GlobalSection(ExtensibilityGlobals) = postSolution
		SolutionGuid = {8EBD28FF-A748-435F-9E1B-03E8AD5E151B}
	EndGlobalSection
EndGlobal
